
Microsoft Visual Studio Solution File, Format Version 12.00
# Visual Studio Version 17
VisualStudioVersion = 17.3.32929.385
MinimumVisualStudioVersion = 10.0.40219.1
Project("{FAE04EC0-301F-11D3-BF4B-00C04F79EFBC}") = "ConsolasAndTelim", "ConsolasAndTelim.csproj", "{19B4A04D-0D3D-48B7-9EBE-22DF16DB34D5}"
EndProject
Global
	GlobalSection(SolutionConfigurationPlatforms) = preSolution
		Debug|Any CPU = Debug|Any CPU
		Release|Any CPU = Release|Any CPU
	EndGlobalSection
	GlobalSection(ProjectConfigurationPlatforms) = postSolution
		{19B4A04D-0D3D-48B7-9EBE-22DF16DB34D5}.Debug|Any CPU.ActiveCfg = Debug|Any CPU
		{19B4A04D-0D3D-48B7-9EBE-22DF16DB34D5}.Debug|Any CPU.Build.0 = Debug|Any CPU
		{19B4A04D-0D3D-48B7-9EBE-22DF16DB34D5}.Release|Any CPU.ActiveCfg = Release|Any CPU
		{19B4A04D-0D3D-48B7-9EBE-22DF16DB34D5}.Release|Any CPU.Build.0 = Release|Any CPU
	EndGlobalSection
	GlobalSection(SolutionProperties) = preSolution
		HideSolutionNode = FALSE
	EndGlobalSection
	GlobalSection(ExtensibilityGlobals) = postSolution
		SolutionGuid = {E1120448-DA9A-4FAC-A71A-544EE633CC4C}
	EndGlobalSection
EndGlobal
