
Microsoft Visual Studio Solution File, Format Version 12.00
# Visual Studio Version 17
VisualStudioVersion = 17.3.32929.385
MinimumVisualStudioVersion = 10.0.40219.1
Project("{FAE04EC0-301F-11D3-BF4B-00C04F79EFBC}") = "TheLockedDoor", "TheLockedDoor.csproj", "{BD233A25-F69E-46E5-AA56-6A6271827E74}"
EndProject
Global
	GlobalSection(SolutionConfigurationPlatforms) = preSolution
		Debug|Any CPU = Debug|Any CPU
		Release|Any CPU = Release|Any CPU
	EndGlobalSection
	GlobalSection(ProjectConfigurationPlatforms) = postSolution
		{BD233A25-F69E-46E5-AA56-6A6271827E74}.Debug|Any CPU.ActiveCfg = Debug|Any CPU
		{BD233A25-F69E-46E5-AA56-6A6271827E74}.Debug|Any CPU.Build.0 = Debug|Any CPU
		{BD233A25-F69E-46E5-AA56-6A6271827E74}.Release|Any CPU.ActiveCfg = Release|Any CPU
		{BD233A25-F69E-46E5-AA56-6A6271827E74}.Release|Any CPU.Build.0 = Release|Any CPU
	EndGlobalSection
	GlobalSection(SolutionProperties) = preSolution
		HideSolutionNode = FALSE
	EndGlobalSection
	GlobalSection(ExtensibilityGlobals) = postSolution
		SolutionGuid = {BDDA2994-60F2-4CF7-A6C6-10B3839361BE}
	EndGlobalSection
EndGlobal
