
Microsoft Visual Studio Solution File, Format Version 12.00
# Visual Studio Version 17
VisualStudioVersion = 17.4.33403.182
MinimumVisualStudioVersion = 10.0.40219.1
Project("{FAE04EC0-301F-11D3-BF4B-00C04F79EFBC}") = "AsynchronousRandomWords", "AsynchronousRandomWords\AsynchronousRandomWords.csproj", "{89B4652F-080B-4909-9539-53BA41413AA9}"
EndProject
Project("{FAE04EC0-301F-11D3-BF4B-00C04F79EFBC}") = "ManyRandomWords", "ManyRandomWords\ManyRandomWords.csproj", "{53132615-3D6F-424D-BC7E-556C1AF17FD7}"
EndProject
Global
	GlobalSection(SolutionConfigurationPlatforms) = preSolution
		Debug|Any CPU = Debug|Any CPU
		Release|Any CPU = Release|Any CPU
	EndGlobalSection
	GlobalSection(ProjectConfigurationPlatforms) = postSolution
		{89B4652F-080B-4909-9539-53BA41413AA9}.Debug|Any CPU.ActiveCfg = Debug|Any CPU
		{89B4652F-080B-4909-9539-53BA41413AA9}.Debug|Any CPU.Build.0 = Debug|Any CPU
		{89B4652F-080B-4909-9539-53BA41413AA9}.Release|Any CPU.ActiveCfg = Release|Any CPU
		{89B4652F-080B-4909-9539-53BA41413AA9}.Release|Any CPU.Build.0 = Release|Any CPU
		{53132615-3D6F-424D-BC7E-556C1AF17FD7}.Debug|Any CPU.ActiveCfg = Debug|Any CPU
		{53132615-3D6F-424D-BC7E-556C1AF17FD7}.Debug|Any CPU.Build.0 = Debug|Any CPU
		{53132615-3D6F-424D-BC7E-556C1AF17FD7}.Release|Any CPU.ActiveCfg = Release|Any CPU
		{53132615-3D6F-424D-BC7E-556C1AF17FD7}.Release|Any CPU.Build.0 = Release|Any CPU
	EndGlobalSection
	GlobalSection(SolutionProperties) = preSolution
		HideSolutionNode = FALSE
	EndGlobalSection
	GlobalSection(ExtensibilityGlobals) = postSolution
		SolutionGuid = {85C68FA1-6186-484A-9361-1B9CB11671CC}
	EndGlobalSection
EndGlobal
