
Microsoft Visual Studio Solution File, Format Version 12.00
# Visual Studio Version 17
VisualStudioVersion = 17.3.32929.385
MinimumVisualStudioVersion = 10.0.40219.1
Project("{FAE04EC0-301F-11D3-BF4B-00C04F79EFBC}") = "TakingANumber", "TakingANumber.csproj", "{48DFE181-428F-4A0F-AFEA-4D4CE4E6465C}"
EndProject
Global
	GlobalSection(SolutionConfigurationPlatforms) = preSolution
		Debug|Any CPU = Debug|Any CPU
		Release|Any CPU = Release|Any CPU
	EndGlobalSection
	GlobalSection(ProjectConfigurationPlatforms) = postSolution
		{48DFE181-428F-4A0F-AFEA-4D4CE4E6465C}.Debug|Any CPU.ActiveCfg = Debug|Any CPU
		{48DFE181-428F-4A0F-AFEA-4D4CE4E6465C}.Debug|Any CPU.Build.0 = Debug|Any CPU
		{48DFE181-428F-4A0F-AFEA-4D4CE4E6465C}.Release|Any CPU.ActiveCfg = Release|Any CPU
		{48DFE181-428F-4A0F-AFEA-4D4CE4E6465C}.Release|Any CPU.Build.0 = Release|Any CPU
	EndGlobalSection
	GlobalSection(SolutionProperties) = preSolution
		HideSolutionNode = FALSE
	EndGlobalSection
	GlobalSection(ExtensibilityGlobals) = postSolution
		SolutionGuid = {C3D1F15C-439E-4EA9-AD80-94419E76AD3D}
	EndGlobalSection
EndGlobal
