
Microsoft Visual Studio Solution File, Format Version 12.00
# Visual Studio Version 17
VisualStudioVersion = 17.3.32929.385
MinimumVisualStudioVersion = 10.0.40219.1
Project("{FAE04EC0-301F-11D3-BF4B-00C04F79EFBC}") = "VinFletchersArrows", "VinFletchersArrows.csproj", "{2650CB38-F7BB-48F7-982A-C48006A23D1A}"
EndProject
Global
	GlobalSection(SolutionConfigurationPlatforms) = preSolution
		Debug|Any CPU = Debug|Any CPU
		Release|Any CPU = Release|Any CPU
	EndGlobalSection
	GlobalSection(ProjectConfigurationPlatforms) = postSolution
		{2650CB38-F7BB-48F7-982A-C48006A23D1A}.Debug|Any CPU.ActiveCfg = Debug|Any CPU
		{2650CB38-F7BB-48F7-982A-C48006A23D1A}.Debug|Any CPU.Build.0 = Debug|Any CPU
		{2650CB38-F7BB-48F7-982A-C48006A23D1A}.Release|Any CPU.ActiveCfg = Release|Any CPU
		{2650CB38-F7BB-48F7-982A-C48006A23D1A}.Release|Any CPU.Build.0 = Release|Any CPU
	EndGlobalSection
	GlobalSection(SolutionProperties) = preSolution
		HideSolutionNode = FALSE
	EndGlobalSection
	GlobalSection(ExtensibilityGlobals) = postSolution
		SolutionGuid = {460F631C-46B1-4160-ABED-D17ABA038CC5}
	EndGlobalSection
EndGlobal
