
Microsoft Visual Studio Solution File, Format Version 12.00
# Visual Studio Version 17
VisualStudioVersion = 17.3.32929.385
MinimumVisualStudioVersion = 10.0.40219.1
Project("{FAE04EC0-301F-11D3-BF4B-00C04F79EFBC}") = "ThePrototype", "ThePrototype.csproj", "{CAE6F190-DD80-40B2-8B95-5F308E65423A}"
EndProject
Global
	GlobalSection(SolutionConfigurationPlatforms) = preSolution
		Debug|Any CPU = Debug|Any CPU
		Release|Any CPU = Release|Any CPU
	EndGlobalSection
	GlobalSection(ProjectConfigurationPlatforms) = postSolution
		{CAE6F190-DD80-40B2-8B95-5F308E65423A}.Debug|Any CPU.ActiveCfg = Debug|Any CPU
		{CAE6F190-DD80-40B2-8B95-5F308E65423A}.Debug|Any CPU.Build.0 = Debug|Any CPU
		{CAE6F190-DD80-40B2-8B95-5F308E65423A}.Release|Any CPU.ActiveCfg = Release|Any CPU
		{CAE6F190-DD80-40B2-8B95-5F308E65423A}.Release|Any CPU.Build.0 = Release|Any CPU
	EndGlobalSection
	GlobalSection(SolutionProperties) = preSolution
		HideSolutionNode = FALSE
	EndGlobalSection
	GlobalSection(ExtensibilityGlobals) = postSolution
		SolutionGuid = {6196B098-59AA-47D6-A8E6-4EABCC8E313A}
	EndGlobalSection
EndGlobal
