
Microsoft Visual Studio Solution File, Format Version 12.00
# Visual Studio Version 17
VisualStudioVersion = 17.3.32929.385
MinimumVisualStudioVersion = 10.0.40219.1
Project("{FAE04EC0-301F-11D3-BF4B-00C04F79EFBC}") = "TheDefenseOfConsolas", "TheDefenseOfConsolas.csproj", "{10D84143-304C-4A29-B03B-171DFAFAD48F}"
EndProject
Global
	GlobalSection(SolutionConfigurationPlatforms) = preSolution
		Debug|Any CPU = Debug|Any CPU
		Release|Any CPU = Release|Any CPU
	EndGlobalSection
	GlobalSection(ProjectConfigurationPlatforms) = postSolution
		{10D84143-304C-4A29-B03B-171DFAFAD48F}.Debug|Any CPU.ActiveCfg = Debug|Any CPU
		{10D84143-304C-4A29-B03B-171DFAFAD48F}.Debug|Any CPU.Build.0 = Debug|Any CPU
		{10D84143-304C-4A29-B03B-171DFAFAD48F}.Release|Any CPU.ActiveCfg = Release|Any CPU
		{10D84143-304C-4A29-B03B-171DFAFAD48F}.Release|Any CPU.Build.0 = Release|Any CPU
	EndGlobalSection
	GlobalSection(SolutionProperties) = preSolution
		HideSolutionNode = FALSE
	EndGlobalSection
	GlobalSection(ExtensibilityGlobals) = postSolution
		SolutionGuid = {9EE5C5F9-2F89-4763-B158-0ADD24783EA7}
	EndGlobalSection
EndGlobal
