
Microsoft Visual Studio Solution File, Format Version 12.00
# Visual Studio Version 17
VisualStudioVersion = 17.4.33213.308
MinimumVisualStudioVersion = 10.0.40219.1
Project("{FAE04EC0-301F-11D3-BF4B-00C04F79EFBC}") = "TheReplicatorOfDTo", "TheReplicatorOfDTo\TheReplicatorOfDTo.csproj", "{5CE58283-DE43-4459-87B9-8EBB637E46F0}"
EndProject
Project("{FAE04EC0-301F-11D3-BF4B-00C04F79EFBC}") = "TheLawsOfFreach", "TheLawsOfFreach\TheLawsOfFreach.csproj", "{DCA58F9B-8464-410B-B37B-A4074CC563B7}"
EndProject
Global
	GlobalSection(SolutionConfigurationPlatforms) = preSolution
		Debug|Any CPU = Debug|Any CPU
		Release|Any CPU = Release|Any CPU
	EndGlobalSection
	GlobalSection(ProjectConfigurationPlatforms) = postSolution
		{5CE58283-DE43-4459-87B9-8EBB637E46F0}.Debug|Any CPU.ActiveCfg = Debug|Any CPU
		{5CE58283-DE43-4459-87B9-8EBB637E46F0}.Debug|Any CPU.Build.0 = Debug|Any CPU
		{5CE58283-DE43-4459-87B9-8EBB637E46F0}.Release|Any CPU.ActiveCfg = Release|Any CPU
		{5CE58283-DE43-4459-87B9-8EBB637E46F0}.Release|Any CPU.Build.0 = Release|Any CPU
		{DCA58F9B-8464-410B-B37B-A4074CC563B7}.Debug|Any CPU.ActiveCfg = Debug|Any CPU
		{DCA58F9B-8464-410B-B37B-A4074CC563B7}.Debug|Any CPU.Build.0 = Debug|Any CPU
		{DCA58F9B-8464-410B-B37B-A4074CC563B7}.Release|Any CPU.ActiveCfg = Release|Any CPU
		{DCA58F9B-8464-410B-B37B-A4074CC563B7}.Release|Any CPU.Build.0 = Release|Any CPU
	EndGlobalSection
	GlobalSection(SolutionProperties) = preSolution
		HideSolutionNode = FALSE
	EndGlobalSection
	GlobalSection(ExtensibilityGlobals) = postSolution
		SolutionGuid = {470A3F2B-C6B4-4EAE-B345-19CE573A4A27}
	EndGlobalSection
EndGlobal
