
Microsoft Visual Studio Solution File, Format Version 12.00
# Visual Studio Version 17
VisualStudioVersion = 17.4.33213.308
MinimumVisualStudioVersion = 10.0.40219.1
Project("{FAE04EC0-301F-11D3-BF4B-00C04F79EFBC}") = "TakingANumber", "TakingANumber\TakingANumber.csproj", "{306C161B-632D-4D52-B78F-D345B5302F3A}"
EndProject
Project("{FAE04EC0-301F-11D3-BF4B-00C04F79EFBC}") = "CountDown", "CountDown\CountDown.csproj", "{4F993BDE-6922-4761-A4BC-7F208B4EEFD9}"
EndProject
Global
	GlobalSection(SolutionConfigurationPlatforms) = preSolution
		Debug|Any CPU = Debug|Any CPU
		Release|Any CPU = Release|Any CPU
	EndGlobalSection
	GlobalSection(ProjectConfigurationPlatforms) = postSolution
		{306C161B-632D-4D52-B78F-D345B5302F3A}.Debug|Any CPU.ActiveCfg = Debug|Any CPU
		{306C161B-632D-4D52-B78F-D345B5302F3A}.Debug|Any CPU.Build.0 = Debug|Any CPU
		{306C161B-632D-4D52-B78F-D345B5302F3A}.Release|Any CPU.ActiveCfg = Release|Any CPU
		{306C161B-632D-4D52-B78F-D345B5302F3A}.Release|Any CPU.Build.0 = Release|Any CPU
		{4F993BDE-6922-4761-A4BC-7F208B4EEFD9}.Debug|Any CPU.ActiveCfg = Debug|Any CPU
		{4F993BDE-6922-4761-A4BC-7F208B4EEFD9}.Debug|Any CPU.Build.0 = Debug|Any CPU
		{4F993BDE-6922-4761-A4BC-7F208B4EEFD9}.Release|Any CPU.ActiveCfg = Release|Any CPU
		{4F993BDE-6922-4761-A4BC-7F208B4EEFD9}.Release|Any CPU.Build.0 = Release|Any CPU
	EndGlobalSection
	GlobalSection(SolutionProperties) = preSolution
		HideSolutionNode = FALSE
	EndGlobalSection
	GlobalSection(ExtensibilityGlobals) = postSolution
		SolutionGuid = {BE79C2F1-9E1B-4B62-8C4A-71245A2D0C2D}
	EndGlobalSection
EndGlobal
