
Microsoft Visual Studio Solution File, Format Version 12.00
# Visual Studio Version 17
VisualStudioVersion = 17.3.32929.385
MinimumVisualStudioVersion = 10.0.40219.1
Project("{FAE04EC0-301F-11D3-BF4B-00C04F79EFBC}") = "TheMagicCannon", "TheMagicCannon.csproj", "{1489D5CD-8564-4588-B67C-4B39CF2DF2EB}"
EndProject
Global
	GlobalSection(SolutionConfigurationPlatforms) = preSolution
		Debug|Any CPU = Debug|Any CPU
		Release|Any CPU = Release|Any CPU
	EndGlobalSection
	GlobalSection(ProjectConfigurationPlatforms) = postSolution
		{1489D5CD-8564-4588-B67C-4B39CF2DF2EB}.Debug|Any CPU.ActiveCfg = Debug|Any CPU
		{1489D5CD-8564-4588-B67C-4B39CF2DF2EB}.Debug|Any CPU.Build.0 = Debug|Any CPU
		{1489D5CD-8564-4588-B67C-4B39CF2DF2EB}.Release|Any CPU.ActiveCfg = Release|Any CPU
		{1489D5CD-8564-4588-B67C-4B39CF2DF2EB}.Release|Any CPU.Build.0 = Release|Any CPU
	EndGlobalSection
	GlobalSection(SolutionProperties) = preSolution
		HideSolutionNode = FALSE
	EndGlobalSection
	GlobalSection(ExtensibilityGlobals) = postSolution
		SolutionGuid = {7A02CDEB-C15B-4AD6-A985-B42D0D4777B5}
	EndGlobalSection
EndGlobal
