
Microsoft Visual Studio Solution File, Format Version 12.00
# Visual Studio Version 17
VisualStudioVersion = 17.3.32929.385
MinimumVisualStudioVersion = 10.0.40219.1
Project("{FAE04EC0-301F-11D3-BF4B-00C04F79EFBC}") = "TheFountainOfObjects", "TheFountainOfObjects.csproj", "{AF2B6789-BEE5-4017-B379-4885F83E1A0C}"
EndProject
Global
	GlobalSection(SolutionConfigurationPlatforms) = preSolution
		Debug|Any CPU = Debug|Any CPU
		Release|Any CPU = Release|Any CPU
	EndGlobalSection
	GlobalSection(ProjectConfigurationPlatforms) = postSolution
		{AF2B6789-BEE5-4017-B379-4885F83E1A0C}.Debug|Any CPU.ActiveCfg = Debug|Any CPU
		{AF2B6789-BEE5-4017-B379-4885F83E1A0C}.Debug|Any CPU.Build.0 = Debug|Any CPU
		{AF2B6789-BEE5-4017-B379-4885F83E1A0C}.Release|Any CPU.ActiveCfg = Release|Any CPU
		{AF2B6789-BEE5-4017-B379-4885F83E1A0C}.Release|Any CPU.Build.0 = Release|Any CPU
	EndGlobalSection
	GlobalSection(SolutionProperties) = preSolution
		HideSolutionNode = FALSE
	EndGlobalSection
	GlobalSection(ExtensibilityGlobals) = postSolution
		SolutionGuid = {334F6B67-043E-4747-83A7-48D0BEA50591}
	EndGlobalSection
EndGlobal
