
Microsoft Visual Studio Solution File, Format Version 12.00
# Visual Studio Version 17
VisualStudioVersion = 17.4.33213.308
MinimumVisualStudioVersion = 10.0.40219.1
Project("{FAE04EC0-301F-11D3-BF4B-00C04F79EFBC}") = "VinFletchersArrows", "VinFletchersArrows\VinFletchersArrows.csproj", "{0D062138-F63C-44D9-BCAF-888C2E553077}"
EndProject
Global
	GlobalSection(SolutionConfigurationPlatforms) = preSolution
		Debug|Any CPU = Debug|Any CPU
		Release|Any CPU = Release|Any CPU
	EndGlobalSection
	GlobalSection(ProjectConfigurationPlatforms) = postSolution
		{0D062138-F63C-44D9-BCAF-888C2E553077}.Debug|Any CPU.ActiveCfg = Debug|Any CPU
		{0D062138-F63C-44D9-BCAF-888C2E553077}.Debug|Any CPU.Build.0 = Debug|Any CPU
		{0D062138-F63C-44D9-BCAF-888C2E553077}.Release|Any CPU.ActiveCfg = Release|Any CPU
		{0D062138-F63C-44D9-BCAF-888C2E553077}.Release|Any CPU.Build.0 = Release|Any CPU
	EndGlobalSection
	GlobalSection(SolutionProperties) = preSolution
		HideSolutionNode = FALSE
	EndGlobalSection
	GlobalSection(ExtensibilityGlobals) = postSolution
		SolutionGuid = {661C0B4D-AB1E-435C-82C4-786177818B3D}
	EndGlobalSection
EndGlobal
