
Microsoft Visual Studio Solution File, Format Version 12.00
# Visual Studio Version 17
VisualStudioVersion = 17.4.33213.308
MinimumVisualStudioVersion = 10.0.40219.1
Project("{FAE04EC0-301F-11D3-BF4B-00C04F79EFBC}") = "WarPreparations", "WarPreparations\WarPreparations.csproj", "{0A364B3F-7CC7-4258-BFC3-9E0DD53D0DC3}"
EndProject
Global
	GlobalSection(SolutionConfigurationPlatforms) = preSolution
		Debug|Any CPU = Debug|Any CPU
		Release|Any CPU = Release|Any CPU
	EndGlobalSection
	GlobalSection(ProjectConfigurationPlatforms) = postSolution
		{0A364B3F-7CC7-4258-BFC3-9E0DD53D0DC3}.Debug|Any CPU.ActiveCfg = Debug|Any CPU
		{0A364B3F-7CC7-4258-BFC3-9E0DD53D0DC3}.Debug|Any CPU.Build.0 = Debug|Any CPU
		{0A364B3F-7CC7-4258-BFC3-9E0DD53D0DC3}.Release|Any CPU.ActiveCfg = Release|Any CPU
		{0A364B3F-7CC7-4258-BFC3-9E0DD53D0DC3}.Release|Any CPU.Build.0 = Release|Any CPU
	EndGlobalSection
	GlobalSection(SolutionProperties) = preSolution
		HideSolutionNode = FALSE
	EndGlobalSection
	GlobalSection(ExtensibilityGlobals) = postSolution
		SolutionGuid = {81D31AA8-6591-48EF-8E16-219FA9DB171C}
	EndGlobalSection
EndGlobal
