
Microsoft Visual Studio Solution File, Format Version 12.00
# Visual Studio Version 17
VisualStudioVersion = 17.3.32929.385
MinimumVisualStudioVersion = 10.0.40219.1
Project("{FAE04EC0-301F-11D3-BF4B-00C04F79EFBC}") = "SimulasSoup", "SimulasSoup.csproj", "{A9061AD3-04A2-4219-96C9-E42BAC133FAB}"
EndProject
Global
	GlobalSection(SolutionConfigurationPlatforms) = preSolution
		Debug|Any CPU = Debug|Any CPU
		Release|Any CPU = Release|Any CPU
	EndGlobalSection
	GlobalSection(ProjectConfigurationPlatforms) = postSolution
		{A9061AD3-04A2-4219-96C9-E42BAC133FAB}.Debug|Any CPU.ActiveCfg = Debug|Any CPU
		{A9061AD3-04A2-4219-96C9-E42BAC133FAB}.Debug|Any CPU.Build.0 = Debug|Any CPU
		{A9061AD3-04A2-4219-96C9-E42BAC133FAB}.Release|Any CPU.ActiveCfg = Release|Any CPU
		{A9061AD3-04A2-4219-96C9-E42BAC133FAB}.Release|Any CPU.Build.0 = Release|Any CPU
	EndGlobalSection
	GlobalSection(SolutionProperties) = preSolution
		HideSolutionNode = FALSE
	EndGlobalSection
	GlobalSection(ExtensibilityGlobals) = postSolution
		SolutionGuid = {4790F8C4-7C77-4E3F-8DF6-68CE13CFF04C}
	EndGlobalSection
EndGlobal
