
Microsoft Visual Studio Solution File, Format Version 12.00
# Visual Studio Version 17
VisualStudioVersion = 17.4.33213.308
MinimumVisualStudioVersion = 10.0.40219.1
Project("{FAE04EC0-301F-11D3-BF4B-00C04F79EFBC}") = "ThePropertiesOfArrows", "ThePropertiesOfArrows\ThePropertiesOfArrows.csproj", "{1BB706BD-085D-459F-8A8D-6DF6715B0E1B}"
EndProject
Global
	GlobalSection(SolutionConfigurationPlatforms) = preSolution
		Debug|Any CPU = Debug|Any CPU
		Release|Any CPU = Release|Any CPU
	EndGlobalSection
	GlobalSection(ProjectConfigurationPlatforms) = postSolution
		{1BB706BD-085D-459F-8A8D-6DF6715B0E1B}.Debug|Any CPU.ActiveCfg = Debug|Any CPU
		{1BB706BD-085D-459F-8A8D-6DF6715B0E1B}.Debug|Any CPU.Build.0 = Debug|Any CPU
		{1BB706BD-085D-459F-8A8D-6DF6715B0E1B}.Release|Any CPU.ActiveCfg = Release|Any CPU
		{1BB706BD-085D-459F-8A8D-6DF6715B0E1B}.Release|Any CPU.Build.0 = Release|Any CPU
	EndGlobalSection
	GlobalSection(SolutionProperties) = preSolution
		HideSolutionNode = FALSE
	EndGlobalSection
	GlobalSection(ExtensibilityGlobals) = postSolution
		SolutionGuid = {CBC05C9A-1781-4BB0-A0F6-05D7900395AD}
	EndGlobalSection
EndGlobal
