
Microsoft Visual Studio Solution File, Format Version 12.00
# Visual Studio Version 17
VisualStudioVersion = 17.4.33403.182
MinimumVisualStudioVersion = 10.0.40219.1
Project("{FAE04EC0-301F-11D3-BF4B-00C04F79EFBC}") = "TheFeud", "TheFeud\TheFeud.csproj", "{4572EA6F-1B34-4283-BE05-B132DD325AF3}"
EndProject
Global
	GlobalSection(SolutionConfigurationPlatforms) = preSolution
		Debug|Any CPU = Debug|Any CPU
		Release|Any CPU = Release|Any CPU
	EndGlobalSection
	GlobalSection(ProjectConfigurationPlatforms) = postSolution
		{4572EA6F-1B34-4283-BE05-B132DD325AF3}.Debug|Any CPU.ActiveCfg = Debug|Any CPU
		{4572EA6F-1B34-4283-BE05-B132DD325AF3}.Debug|Any CPU.Build.0 = Debug|Any CPU
		{4572EA6F-1B34-4283-BE05-B132DD325AF3}.Release|Any CPU.ActiveCfg = Release|Any CPU
		{4572EA6F-1B34-4283-BE05-B132DD325AF3}.Release|Any CPU.Build.0 = Release|Any CPU
	EndGlobalSection
	GlobalSection(SolutionProperties) = preSolution
		HideSolutionNode = FALSE
	EndGlobalSection
	GlobalSection(ExtensibilityGlobals) = postSolution
		SolutionGuid = {ED06C00F-D8E2-404A-8E7F-1C16D591D480}
	EndGlobalSection
EndGlobal
