
Microsoft Visual Studio Solution File, Format Version 12.00
# Visual Studio Version 17
VisualStudioVersion = 17.4.33213.308
MinimumVisualStudioVersion = 10.0.40219.1
Project("{FAE04EC0-301F-11D3-BF4B-00C04F79EFBC}") = "FountainOfObjects", "FountainOfObjects\FountainOfObjects.csproj", "{414F4C5E-F9DE-4DC9-9C7B-32E64F479B00}"
EndProject
Global
	GlobalSection(SolutionConfigurationPlatforms) = preSolution
		Debug|Any CPU = Debug|Any CPU
		Release|Any CPU = Release|Any CPU
	EndGlobalSection
	GlobalSection(ProjectConfigurationPlatforms) = postSolution
		{414F4C5E-F9DE-4DC9-9C7B-32E64F479B00}.Debug|Any CPU.ActiveCfg = Debug|Any CPU
		{414F4C5E-F9DE-4DC9-9C7B-32E64F479B00}.Debug|Any CPU.Build.0 = Debug|Any CPU
		{414F4C5E-F9DE-4DC9-9C7B-32E64F479B00}.Release|Any CPU.ActiveCfg = Release|Any CPU
		{414F4C5E-F9DE-4DC9-9C7B-32E64F479B00}.Release|Any CPU.Build.0 = Release|Any CPU
	EndGlobalSection
	GlobalSection(SolutionProperties) = preSolution
		HideSolutionNode = FALSE
	EndGlobalSection
	GlobalSection(ExtensibilityGlobals) = postSolution
		SolutionGuid = {5037D633-DDB0-439C-A0C6-61C579067EA7}
	EndGlobalSection
EndGlobal
