
Microsoft Visual Studio Solution File, Format Version 12.00
# Visual Studio Version 17
VisualStudioVersion = 17.4.33403.182
MinimumVisualStudioVersion = 10.0.40219.1
Project("{FAE04EC0-301F-11D3-BF4B-00C04F79EFBC}") = "CharberryTrees", "CharberryTrees\CharberryTrees.csproj", "{530FF354-C969-4857-B9E1-2824FBB300D9}"
EndProject
Global
	GlobalSection(SolutionConfigurationPlatforms) = preSolution
		Debug|Any CPU = Debug|Any CPU
		Release|Any CPU = Release|Any CPU
	EndGlobalSection
	GlobalSection(ProjectConfigurationPlatforms) = postSolution
		{530FF354-C969-4857-B9E1-2824FBB300D9}.Debug|Any CPU.ActiveCfg = Debug|Any CPU
		{530FF354-C969-4857-B9E1-2824FBB300D9}.Debug|Any CPU.Build.0 = Debug|Any CPU
		{530FF354-C969-4857-B9E1-2824FBB300D9}.Release|Any CPU.ActiveCfg = Release|Any CPU
		{530FF354-C969-4857-B9E1-2824FBB300D9}.Release|Any CPU.Build.0 = Release|Any CPU
	EndGlobalSection
	GlobalSection(SolutionProperties) = preSolution
		HideSolutionNode = FALSE
	EndGlobalSection
	GlobalSection(ExtensibilityGlobals) = postSolution
		SolutionGuid = {D01112BB-D8AB-4076-A4D8-FB84022A1887}
	EndGlobalSection
EndGlobal
