
Microsoft Visual Studio Solution File, Format Version 12.00
# Visual Studio Version 17
VisualStudioVersion = 17.3.32929.385
MinimumVisualStudioVersion = 10.0.40219.1
Project("{FAE04EC0-301F-11D3-BF4B-00C04F79EFBC}") = "ArrowFactories", "ArrowFactories.csproj", "{4928B8B0-2A93-4E59-AF08-183CC5155F66}"
EndProject
Global
	GlobalSection(SolutionConfigurationPlatforms) = preSolution
		Debug|Any CPU = Debug|Any CPU
		Release|Any CPU = Release|Any CPU
	EndGlobalSection
	GlobalSection(ProjectConfigurationPlatforms) = postSolution
		{4928B8B0-2A93-4E59-AF08-183CC5155F66}.Debug|Any CPU.ActiveCfg = Debug|Any CPU
		{4928B8B0-2A93-4E59-AF08-183CC5155F66}.Debug|Any CPU.Build.0 = Debug|Any CPU
		{4928B8B0-2A93-4E59-AF08-183CC5155F66}.Release|Any CPU.ActiveCfg = Release|Any CPU
		{4928B8B0-2A93-4E59-AF08-183CC5155F66}.Release|Any CPU.Build.0 = Release|Any CPU
	EndGlobalSection
	GlobalSection(SolutionProperties) = preSolution
		HideSolutionNode = FALSE
	EndGlobalSection
	GlobalSection(ExtensibilityGlobals) = postSolution
		SolutionGuid = {EFEA7640-91EB-4038-92D7-D355468D1760}
	EndGlobalSection
EndGlobal
