
Microsoft Visual Studio Solution File, Format Version 12.00
# Visual Studio Version 17
VisualStudioVersion = 17.4.33213.308
MinimumVisualStudioVersion = 10.0.40219.1
Project("{9A19103F-16F7-4668-BE54-9A1E7A4F7556}") = "Classes", "Classes\Classes.csproj", "{4F5C57DF-9062-422C-A741-2950AB371761}"
EndProject
Project("{FAE04EC0-301F-11D3-BF4B-00C04F79EFBC}") = "TicTacToe", "TicTacToe\TicTacToe.csproj", "{0655D35C-5BD6-45AF-9A20-4C585EB399DC}"
EndProject
Global
	GlobalSection(SolutionConfigurationPlatforms) = preSolution
		Debug|Any CPU = Debug|Any CPU
		Release|Any CPU = Release|Any CPU
	EndGlobalSection
	GlobalSection(ProjectConfigurationPlatforms) = postSolution
		{4F5C57DF-9062-422C-A741-2950AB371761}.Debug|Any CPU.ActiveCfg = Debug|Any CPU
		{4F5C57DF-9062-422C-A741-2950AB371761}.Debug|Any CPU.Build.0 = Debug|Any CPU
		{4F5C57DF-9062-422C-A741-2950AB371761}.Release|Any CPU.ActiveCfg = Release|Any CPU
		{4F5C57DF-9062-422C-A741-2950AB371761}.Release|Any CPU.Build.0 = Release|Any CPU
		{0655D35C-5BD6-45AF-9A20-4C585EB399DC}.Debug|Any CPU.ActiveCfg = Debug|Any CPU
		{0655D35C-5BD6-45AF-9A20-4C585EB399DC}.Debug|Any CPU.Build.0 = Debug|Any CPU
		{0655D35C-5BD6-45AF-9A20-4C585EB399DC}.Release|Any CPU.ActiveCfg = Release|Any CPU
		{0655D35C-5BD6-45AF-9A20-4C585EB399DC}.Release|Any CPU.Build.0 = Release|Any CPU
	EndGlobalSection
	GlobalSection(SolutionProperties) = preSolution
		HideSolutionNode = FALSE
	EndGlobalSection
	GlobalSection(ExtensibilityGlobals) = postSolution
		SolutionGuid = {6FAC2379-5A55-458E-A61F-F78F3BCF1F3C}
	EndGlobalSection
EndGlobal
