
Microsoft Visual Studio Solution File, Format Version 12.00
# Visual Studio Version 17
VisualStudioVersion = 17.3.32929.385
MinimumVisualStudioVersion = 10.0.40219.1
Project("{FAE04EC0-301F-11D3-BF4B-00C04F79EFBC}") = "HuntingTheManticore", "HuntingTheManticore.csproj", "{2737F4A4-0749-4DFA-82D1-2294070CEF3C}"
EndProject
Global
	GlobalSection(SolutionConfigurationPlatforms) = preSolution
		Debug|Any CPU = Debug|Any CPU
		Release|Any CPU = Release|Any CPU
	EndGlobalSection
	GlobalSection(ProjectConfigurationPlatforms) = postSolution
		{2737F4A4-0749-4DFA-82D1-2294070CEF3C}.Debug|Any CPU.ActiveCfg = Debug|Any CPU
		{2737F4A4-0749-4DFA-82D1-2294070CEF3C}.Debug|Any CPU.Build.0 = Debug|Any CPU
		{2737F4A4-0749-4DFA-82D1-2294070CEF3C}.Release|Any CPU.ActiveCfg = Release|Any CPU
		{2737F4A4-0749-4DFA-82D1-2294070CEF3C}.Release|Any CPU.Build.0 = Release|Any CPU
	EndGlobalSection
	GlobalSection(SolutionProperties) = preSolution
		HideSolutionNode = FALSE
	EndGlobalSection
	GlobalSection(ExtensibilityGlobals) = postSolution
		SolutionGuid = {1F10CFB2-A884-4E84-BBFE-684FB5AEC40C}
	EndGlobalSection
EndGlobal
