
Microsoft Visual Studio Solution File, Format Version 12.00
# Visual Studio Version 17
VisualStudioVersion = 17.4.33213.308
MinimumVisualStudioVersion = 10.0.40219.1
Project("{FAE04EC0-301F-11D3-BF4B-00C04F79EFBC}") = "ColoredItems", "ColoredItems\ColoredItems.csproj", "{7CDCB1BA-50C6-40BC-B496-F7CCA0CE0964}"
EndProject
Global
	GlobalSection(SolutionConfigurationPlatforms) = preSolution
		Debug|Any CPU = Debug|Any CPU
		Release|Any CPU = Release|Any CPU
	EndGlobalSection
	GlobalSection(ProjectConfigurationPlatforms) = postSolution
		{7CDCB1BA-50C6-40BC-B496-F7CCA0CE0964}.Debug|Any CPU.ActiveCfg = Debug|Any CPU
		{7CDCB1BA-50C6-40BC-B496-F7CCA0CE0964}.Debug|Any CPU.Build.0 = Debug|Any CPU
		{7CDCB1BA-50C6-40BC-B496-F7CCA0CE0964}.Release|Any CPU.ActiveCfg = Release|Any CPU
		{7CDCB1BA-50C6-40BC-B496-F7CCA0CE0964}.Release|Any CPU.Build.0 = Release|Any CPU
	EndGlobalSection
	GlobalSection(SolutionProperties) = preSolution
		HideSolutionNode = FALSE
	EndGlobalSection
	GlobalSection(ExtensibilityGlobals) = postSolution
		SolutionGuid = {021F2395-C99F-4EE8-8C53-98E44865B524}
	EndGlobalSection
EndGlobal
